
Microsoft Visual Studio Solution File, Format Version 12.00
# Visual Studio 15
VisualStudioVersion = 15.0.28307.329
MinimumVisualStudioVersion = 10.0.40219.1
Project("{F184B08F-C81C-45F6-A57F-5ABD9991F28F}") = "SqlConnections", "SqlConnections\SqlConnections.vbproj", "{B8004D02-0D80-4E0D-81BF-2AC0ED6FA461}"
EndProject
Global
	GlobalSection(SolutionConfigurationPlatforms) = preSolution
		Debug|Any CPU = Debug|Any CPU
		Release|Any CPU = Release|Any CPU
	EndGlobalSection
	GlobalSection(ProjectConfigurationPlatforms) = postSolution
		{B8004D02-0D80-4E0D-81BF-2AC0ED6FA461}.Debug|Any CPU.ActiveCfg = Debug|Any CPU
		{B8004D02-0D80-4E0D-81BF-2AC0ED6FA461}.Debug|Any CPU.Build.0 = Debug|Any CPU
		{B8004D02-0D80-4E0D-81BF-2AC0ED6FA461}.Release|Any CPU.ActiveCfg = Release|Any CPU
		{B8004D02-0D80-4E0D-81BF-2AC0ED6FA461}.Release|Any CPU.Build.0 = Release|Any CPU
	EndGlobalSection
	GlobalSection(SolutionProperties) = preSolution
		HideSolutionNode = FALSE
	EndGlobalSection
	GlobalSection(ExtensibilityGlobals) = postSolution
		SolutionGuid = {2D451DC5-FC70-49F6-8E2C-1FB014504875}
	EndGlobalSection
EndGlobal
